
Microsoft Visual Studio Solution File, Format Version 12.00
# Visual Studio Version 16
VisualStudioVersion = 16.0.33801.447
MinimumVisualStudioVersion = 10.0.40219.1
Project("{FAE04EC0-301F-11D3-BF4B-00C04F79EFBC}") = "Presentation", "ProyectoFinal_Hoteleria\Presentation.csproj", "{9BD978B8-BBAB-488E-A932-BFCCA96BDD52}"
EndProject
Project("{FAE04EC0-301F-11D3-BF4B-00C04F79EFBC}") = "DataAccess", "DataAccess\DataAccess.csproj", "{5A353D05-C212-463E-AB07-16E6C5CEAB6F}"
EndProject
Project("{FAE04EC0-301F-11D3-BF4B-00C04F79EFBC}") = "Model", "Model\Model.csproj", "{54FC5E0C-DD63-4867-B9C8-CE570CB4A359}"
EndProject
Project("{FAE04EC0-301F-11D3-BF4B-00C04F79EFBC}") = "BusinessLogic", "BusinessLogic\BusinessLogic.csproj", "{73CB123D-32BA-47E8-9FFA-11DE73065A48}"
EndProject
Global
	GlobalSection(SolutionConfigurationPlatforms) = preSolution
		Debug|Any CPU = Debug|Any CPU
		Release|Any CPU = Release|Any CPU
	EndGlobalSection
	GlobalSection(ProjectConfigurationPlatforms) = postSolution
		{9BD978B8-BBAB-488E-A932-BFCCA96BDD52}.Debug|Any CPU.ActiveCfg = Debug|Any CPU
		{9BD978B8-BBAB-488E-A932-BFCCA96BDD52}.Debug|Any CPU.Build.0 = Debug|Any CPU
		{9BD978B8-BBAB-488E-A932-BFCCA96BDD52}.Release|Any CPU.ActiveCfg = Release|Any CPU
		{9BD978B8-BBAB-488E-A932-BFCCA96BDD52}.Release|Any CPU.Build.0 = Release|Any CPU
		{5A353D05-C212-463E-AB07-16E6C5CEAB6F}.Debug|Any CPU.ActiveCfg = Debug|Any CPU
		{5A353D05-C212-463E-AB07-16E6C5CEAB6F}.Debug|Any CPU.Build.0 = Debug|Any CPU
		{5A353D05-C212-463E-AB07-16E6C5CEAB6F}.Release|Any CPU.ActiveCfg = Release|Any CPU
		{5A353D05-C212-463E-AB07-16E6C5CEAB6F}.Release|Any CPU.Build.0 = Release|Any CPU
		{54FC5E0C-DD63-4867-B9C8-CE570CB4A359}.Debug|Any CPU.ActiveCfg = Debug|Any CPU
		{54FC5E0C-DD63-4867-B9C8-CE570CB4A359}.Debug|Any CPU.Build.0 = Debug|Any CPU
		{54FC5E0C-DD63-4867-B9C8-CE570CB4A359}.Release|Any CPU.ActiveCfg = Release|Any CPU
		{54FC5E0C-DD63-4867-B9C8-CE570CB4A359}.Release|Any CPU.Build.0 = Release|Any CPU
		{73CB123D-32BA-47E8-9FFA-11DE73065A48}.Debug|Any CPU.ActiveCfg = Debug|Any CPU
		{73CB123D-32BA-47E8-9FFA-11DE73065A48}.Debug|Any CPU.Build.0 = Debug|Any CPU
		{73CB123D-32BA-47E8-9FFA-11DE73065A48}.Release|Any CPU.ActiveCfg = Release|Any CPU
		{73CB123D-32BA-47E8-9FFA-11DE73065A48}.Release|Any CPU.Build.0 = Release|Any CPU
	EndGlobalSection
	GlobalSection(SolutionProperties) = preSolution
		HideSolutionNode = FALSE
	EndGlobalSection
	GlobalSection(ExtensibilityGlobals) = postSolution
		SolutionGuid = {47AEA1C2-28C5-4940-BFE9-A05A79669FB5}
	EndGlobalSection
EndGlobal
